
Microsoft Visual Studio Solution File, Format Version 12.00
# Visual Studio Version 16
VisualStudioVersion = 16.0.30114.105
MinimumVisualStudioVersion = 10.0.40219.1
Project("{2150E333-8FDC-42A3-9474-1A3956D46DE8}") = "Solution Items", "Solution Items", "{FE5D8DC3-343C-4589-BE5C-652169DBC778}"
	ProjectSection(SolutionItems) = preProject
		modules\csharp.common\.editorconfig = modules\csharp.common\.editorconfig
		modules\csharp.common\.gitattributes = modules\csharp.common\.gitattributes
		modules\csharp.common\.gitignore = modules\csharp.common\.gitignore
		.gitmodules = .gitmodules
		appveyor.yml = appveyor.yml
		CONTRIBUTING.md = CONTRIBUTING.md
		modules\csharp.common\directory.build.props = modules\csharp.common\directory.build.props
		LICENSE = LICENSE
		README.md = README.md
		modules\csharp.common\StrongName.snk = modules\csharp.common\StrongName.snk
	EndProjectSection
EndProject
Project("{9A19103F-16F7-4668-BE54-9A1E7A4F7556}") = "Chronology", "src\Chronology\Chronology.csproj", "{629564A2-0188-461D-8415-5D9A6B30144C}"
EndProject
Project("{9A19103F-16F7-4668-BE54-9A1E7A4F7556}") = "Chronology.Tests", "tests\Chronology\Chronology.Tests.csproj", "{9E351E81-4BD9-44FE-95D0-42ABD4AE68B9}"
EndProject
Project("{9A19103F-16F7-4668-BE54-9A1E7A4F7556}") = "Examples", "examples\Examples.csproj", "{EE33818E-CFFE-4957-9BA6-B3ABB70B7222}"
EndProject
Project("{9A19103F-16F7-4668-BE54-9A1E7A4F7556}") = "Chronology.DependencyInjection", "src\Chronology.DependencyInjection\Chronology.DependencyInjection.csproj", "{0F098B0B-27B6-479A-BF0C-E98C759A675A}"
EndProject
Project("{9A19103F-16F7-4668-BE54-9A1E7A4F7556}") = "Chronology.DependencyInjection.Tests", "tests\Chronology.DependencyInjection\Chronology.DependencyInjection.Tests.csproj", "{B4BC69F7-0ED7-47A8-A8B4-3FAA3FB50A24}"
EndProject
Project("{2150E333-8FDC-42A3-9474-1A3956D46DE8}") = "src", "src", "{293A46C1-DFD8-4C58-801C-C4628284C98D}"
EndProject
Project("{2150E333-8FDC-42A3-9474-1A3956D46DE8}") = "tests", "tests", "{5D4680A6-8C21-4461-991C-6FB710FB387D}"
	ProjectSection(SolutionItems) = preProject
		.editorconfig = .editorconfig
	EndProjectSection
EndProject
Project("{9A19103F-16F7-4668-BE54-9A1E7A4F7556}") = "Chronology.Fuzzy", "src\Chronology.Fuzzy\Chronology.Fuzzy.csproj", "{8DF1637C-464F-4FA6-B57C-36A95B7FFC74}"
EndProject
Project("{9A19103F-16F7-4668-BE54-9A1E7A4F7556}") = "Chronology.Fuzzy.Tests", "tests\Chronology.Fuzzy\Chronology.Fuzzy.Tests.csproj", "{C5EB8BD3-B5C5-47EA-8168-B1DEDF7C0446}"
EndProject
Global
	GlobalSection(SolutionConfigurationPlatforms) = preSolution
		Debug|Any CPU = Debug|Any CPU
		Release|Any CPU = Release|Any CPU
	EndGlobalSection
	GlobalSection(ProjectConfigurationPlatforms) = postSolution
		{629564A2-0188-461D-8415-5D9A6B30144C}.Debug|Any CPU.ActiveCfg = Debug|Any CPU
		{629564A2-0188-461D-8415-5D9A6B30144C}.Debug|Any CPU.Build.0 = Debug|Any CPU
		{629564A2-0188-461D-8415-5D9A6B30144C}.Release|Any CPU.ActiveCfg = Release|Any CPU
		{629564A2-0188-461D-8415-5D9A6B30144C}.Release|Any CPU.Build.0 = Release|Any CPU
		{9E351E81-4BD9-44FE-95D0-42ABD4AE68B9}.Debug|Any CPU.ActiveCfg = Debug|Any CPU
		{9E351E81-4BD9-44FE-95D0-42ABD4AE68B9}.Debug|Any CPU.Build.0 = Debug|Any CPU
		{9E351E81-4BD9-44FE-95D0-42ABD4AE68B9}.Release|Any CPU.ActiveCfg = Release|Any CPU
		{9E351E81-4BD9-44FE-95D0-42ABD4AE68B9}.Release|Any CPU.Build.0 = Release|Any CPU
		{EE33818E-CFFE-4957-9BA6-B3ABB70B7222}.Debug|Any CPU.ActiveCfg = Debug|Any CPU
		{EE33818E-CFFE-4957-9BA6-B3ABB70B7222}.Debug|Any CPU.Build.0 = Debug|Any CPU
		{EE33818E-CFFE-4957-9BA6-B3ABB70B7222}.Release|Any CPU.ActiveCfg = Release|Any CPU
		{EE33818E-CFFE-4957-9BA6-B3ABB70B7222}.Release|Any CPU.Build.0 = Release|Any CPU
		{0F098B0B-27B6-479A-BF0C-E98C759A675A}.Debug|Any CPU.ActiveCfg = Debug|Any CPU
		{0F098B0B-27B6-479A-BF0C-E98C759A675A}.Debug|Any CPU.Build.0 = Debug|Any CPU
		{0F098B0B-27B6-479A-BF0C-E98C759A675A}.Release|Any CPU.ActiveCfg = Release|Any CPU
		{0F098B0B-27B6-479A-BF0C-E98C759A675A}.Release|Any CPU.Build.0 = Release|Any CPU
		{B4BC69F7-0ED7-47A8-A8B4-3FAA3FB50A24}.Debug|Any CPU.ActiveCfg = Debug|Any CPU
		{B4BC69F7-0ED7-47A8-A8B4-3FAA3FB50A24}.Debug|Any CPU.Build.0 = Debug|Any CPU
		{B4BC69F7-0ED7-47A8-A8B4-3FAA3FB50A24}.Release|Any CPU.ActiveCfg = Release|Any CPU
		{B4BC69F7-0ED7-47A8-A8B4-3FAA3FB50A24}.Release|Any CPU.Build.0 = Release|Any CPU
		{8DF1637C-464F-4FA6-B57C-36A95B7FFC74}.Debug|Any CPU.ActiveCfg = Debug|Any CPU
		{8DF1637C-464F-4FA6-B57C-36A95B7FFC74}.Debug|Any CPU.Build.0 = Debug|Any CPU
		{8DF1637C-464F-4FA6-B57C-36A95B7FFC74}.Release|Any CPU.ActiveCfg = Release|Any CPU
		{8DF1637C-464F-4FA6-B57C-36A95B7FFC74}.Release|Any CPU.Build.0 = Release|Any CPU
		{C5EB8BD3-B5C5-47EA-8168-B1DEDF7C0446}.Debug|Any CPU.ActiveCfg = Debug|Any CPU
		{C5EB8BD3-B5C5-47EA-8168-B1DEDF7C0446}.Debug|Any CPU.Build.0 = Debug|Any CPU
		{C5EB8BD3-B5C5-47EA-8168-B1DEDF7C0446}.Release|Any CPU.ActiveCfg = Release|Any CPU
		{C5EB8BD3-B5C5-47EA-8168-B1DEDF7C0446}.Release|Any CPU.Build.0 = Release|Any CPU
	EndGlobalSection
	GlobalSection(SolutionProperties) = preSolution
		HideSolutionNode = FALSE
	EndGlobalSection
	GlobalSection(NestedProjects) = preSolution
		{629564A2-0188-461D-8415-5D9A6B30144C} = {293A46C1-DFD8-4C58-801C-C4628284C98D}
		{9E351E81-4BD9-44FE-95D0-42ABD4AE68B9} = {5D4680A6-8C21-4461-991C-6FB710FB387D}
		{0F098B0B-27B6-479A-BF0C-E98C759A675A} = {293A46C1-DFD8-4C58-801C-C4628284C98D}
		{B4BC69F7-0ED7-47A8-A8B4-3FAA3FB50A24} = {5D4680A6-8C21-4461-991C-6FB710FB387D}
		{8DF1637C-464F-4FA6-B57C-36A95B7FFC74} = {293A46C1-DFD8-4C58-801C-C4628284C98D}
		{C5EB8BD3-B5C5-47EA-8168-B1DEDF7C0446} = {5D4680A6-8C21-4461-991C-6FB710FB387D}
	EndGlobalSection
	GlobalSection(ExtensibilityGlobals) = postSolution
		SolutionGuid = {78440BDA-F8A1-4E9D-97BE-EE0FC23EE5DC}
	EndGlobalSection
EndGlobal
